
Microsoft Visual Studio Solution File, Format Version 12.00
# Visual Studio Version 17
VisualStudioVersion = 17.3.32804.467
MinimumVisualStudioVersion = 10.0.40219.1
Project("{FAE04EC0-301F-11D3-BF4B-00C04F79EFBC}") = "EncodingToUTF8WithBom", "..\ConvertEncoding\EncodingToUTF8WithBom.csproj", "{8EBD7249-2C5E-4692-9B52-CECD5F952BA5}"
EndProject
Project("{FAE04EC0-301F-11D3-BF4B-00C04F79EFBC}") = "SmartGame", "..\SmartGame\SmartGame.csproj", "{AF91BEEC-29EB-4B34-B4E6-6A7592B2F035}"
EndProject
Project("{FAE04EC0-301F-11D3-BF4B-00C04F79EFBC}") = "Common", "..\Common\Common.csproj", "{714519CB-D6AE-42A7-B6B8-6443AA39D7F7}"
EndProject
Global
	GlobalSection(SolutionConfigurationPlatforms) = preSolution
		Debug|Any CPU = Debug|Any CPU
		Release|Any CPU = Release|Any CPU
	EndGlobalSection
	GlobalSection(ProjectConfigurationPlatforms) = postSolution
		{8EBD7249-2C5E-4692-9B52-CECD5F952BA5}.Debug|Any CPU.ActiveCfg = Debug|Any CPU
		{8EBD7249-2C5E-4692-9B52-CECD5F952BA5}.Debug|Any CPU.Build.0 = Debug|Any CPU
		{8EBD7249-2C5E-4692-9B52-CECD5F952BA5}.Release|Any CPU.ActiveCfg = Release|Any CPU
		{8EBD7249-2C5E-4692-9B52-CECD5F952BA5}.Release|Any CPU.Build.0 = Release|Any CPU
		{AF91BEEC-29EB-4B34-B4E6-6A7592B2F035}.Debug|Any CPU.ActiveCfg = Debug|Any CPU
		{AF91BEEC-29EB-4B34-B4E6-6A7592B2F035}.Debug|Any CPU.Build.0 = Debug|Any CPU
		{AF91BEEC-29EB-4B34-B4E6-6A7592B2F035}.Release|Any CPU.ActiveCfg = Release|Any CPU
		{AF91BEEC-29EB-4B34-B4E6-6A7592B2F035}.Release|Any CPU.Build.0 = Release|Any CPU
		{714519CB-D6AE-42A7-B6B8-6443AA39D7F7}.Debug|Any CPU.ActiveCfg = Debug|Any CPU
		{714519CB-D6AE-42A7-B6B8-6443AA39D7F7}.Debug|Any CPU.Build.0 = Debug|Any CPU
		{714519CB-D6AE-42A7-B6B8-6443AA39D7F7}.Release|Any CPU.ActiveCfg = Release|Any CPU
		{714519CB-D6AE-42A7-B6B8-6443AA39D7F7}.Release|Any CPU.Build.0 = Release|Any CPU
	EndGlobalSection
	GlobalSection(SolutionProperties) = preSolution
		HideSolutionNode = FALSE
	EndGlobalSection
	GlobalSection(ExtensibilityGlobals) = postSolution
		SolutionGuid = {DDBF21BF-9136-4354-AAB2-48CF8A0CE680}
	EndGlobalSection
EndGlobal
